[[package]]
category = "main"
description = "Pretty-print tabular data"
name = "tabulate"
optional = false
python-versions = "*"
version = "0.8.7"

[package.extras]
widechars = ["wcwidth"]

[metadata]
content-hash = "4fbd5d8371ac09498ed1568a9adaf9ab88b79af193bd0b120bf69e7a70300821"
python-versions = "^3.8"

[metadata.files]
tabulate = [
    {file = "tabulate-0.8.7-py3-none-any.whl", hash = "sha256:ac64cb76d53b1231d364babcd72abbb16855adac7de6665122f97b593f1eb2ba"},
    {file = "tabulate-0.8.7.tar.gz", hash = "sha256:db2723a20d04bcda8522165c73eea7c300eda74e0ce852d9022e0159d7895007"},
]
